
Microsoft Visual Studio Solution File, Format Version 12.00
# Visual Studio Version 17
VisualStudioVersion = 17.3.32929.385
MinimumVisualStudioVersion = 10.0.40219.1
Project("{9A19103F-16F7-4668-BE54-9A1E7A4F7556}") = "Intro", "Intro\Intro.csproj", "{6EB7EDE0-8A62-47A7-94D3-20C714818BF6}"
EndProject
Project("{9A19103F-16F7-4668-BE54-9A1E7A4F7556}") = "Variables", "..\Variables\Variables.csproj", "{0334CD40-5670-4106-ACFF-A378BD27572F}"
EndProject
Project("{9A19103F-16F7-4668-BE54-9A1E7A4F7556}") = "UserInput", "UserInput\UserInput.csproj", "{C5B5D2B2-2E75-4D94-ABDC-F35C7751EC57}"
EndProject
Project("{9A19103F-16F7-4668-BE54-9A1E7A4F7556}") = "dispVariables", "dispVariables\dispVariables.csproj", "{E6A0AA47-3D22-47CE-9AE0-D5DFB7E9F055}"
EndProject
Project("{FAE04EC0-301F-11D3-BF4B-00C04F79EFBC}") = "typeCasting", "typeCasting\typeCasting.csproj", "{14D756EE-B374-467B-908D-E8C6A0C73AA2}"
EndProject
Global
	GlobalSection(SolutionConfigurationPlatforms) = preSolution
		Debug|Any CPU = Debug|Any CPU
		Release|Any CPU = Release|Any CPU
	EndGlobalSection
	GlobalSection(ProjectConfigurationPlatforms) = postSolution
		{6EB7EDE0-8A62-47A7-94D3-20C714818BF6}.Debug|Any CPU.ActiveCfg = Debug|Any CPU
		{6EB7EDE0-8A62-47A7-94D3-20C714818BF6}.Debug|Any CPU.Build.0 = Debug|Any CPU
		{6EB7EDE0-8A62-47A7-94D3-20C714818BF6}.Release|Any CPU.ActiveCfg = Release|Any CPU
		{6EB7EDE0-8A62-47A7-94D3-20C714818BF6}.Release|Any CPU.Build.0 = Release|Any CPU
		{0334CD40-5670-4106-ACFF-A378BD27572F}.Debug|Any CPU.ActiveCfg = Debug|Any CPU
		{0334CD40-5670-4106-ACFF-A378BD27572F}.Debug|Any CPU.Build.0 = Debug|Any CPU
		{0334CD40-5670-4106-ACFF-A378BD27572F}.Release|Any CPU.ActiveCfg = Release|Any CPU
		{0334CD40-5670-4106-ACFF-A378BD27572F}.Release|Any CPU.Build.0 = Release|Any CPU
		{C5B5D2B2-2E75-4D94-ABDC-F35C7751EC57}.Debug|Any CPU.ActiveCfg = Debug|Any CPU
		{C5B5D2B2-2E75-4D94-ABDC-F35C7751EC57}.Debug|Any CPU.Build.0 = Debug|Any CPU
		{C5B5D2B2-2E75-4D94-ABDC-F35C7751EC57}.Release|Any CPU.ActiveCfg = Release|Any CPU
		{C5B5D2B2-2E75-4D94-ABDC-F35C7751EC57}.Release|Any CPU.Build.0 = Release|Any CPU
		{E6A0AA47-3D22-47CE-9AE0-D5DFB7E9F055}.Debug|Any CPU.ActiveCfg = Debug|Any CPU
		{E6A0AA47-3D22-47CE-9AE0-D5DFB7E9F055}.Debug|Any CPU.Build.0 = Debug|Any CPU
		{E6A0AA47-3D22-47CE-9AE0-D5DFB7E9F055}.Release|Any CPU.ActiveCfg = Release|Any CPU
		{E6A0AA47-3D22-47CE-9AE0-D5DFB7E9F055}.Release|Any CPU.Build.0 = Release|Any CPU
		{14D756EE-B374-467B-908D-E8C6A0C73AA2}.Debug|Any CPU.ActiveCfg = Debug|Any CPU
		{14D756EE-B374-467B-908D-E8C6A0C73AA2}.Debug|Any CPU.Build.0 = Debug|Any CPU
		{14D756EE-B374-467B-908D-E8C6A0C73AA2}.Release|Any CPU.ActiveCfg = Release|Any CPU
		{14D756EE-B374-467B-908D-E8C6A0C73AA2}.Release|Any CPU.Build.0 = Release|Any CPU
	EndGlobalSection
	GlobalSection(SolutionProperties) = preSolution
		HideSolutionNode = FALSE
	EndGlobalSection
	GlobalSection(ExtensibilityGlobals) = postSolution
		SolutionGuid = {0C1E2DE2-847C-4BB6-BE7D-26411266277B}
	EndGlobalSection
EndGlobal
